
Microsoft Visual Studio Solution File, Format Version 12.00
# Visual Studio Version 17
VisualStudioVersion = 17.10.35122.118
MinimumVisualStudioVersion = 10.0.40219.1
Project("{FAE04EC0-301F-11D3-BF4B-00C04F79EFBC}") = "Assignment", "Assignment\Assignment.csproj", "{2C70AC3A-2D0B-476B-895E-FD3340D9ED58}"
EndProject
Global
	GlobalSection(SolutionConfigurationPlatforms) = preSolution
		Debug|Any CPU = Debug|Any CPU
		Release|Any CPU = Release|Any CPU
	EndGlobalSection
	GlobalSection(ProjectConfigurationPlatforms) = postSolution
		{2C70AC3A-2D0B-476B-895E-FD3340D9ED58}.Debug|Any CPU.ActiveCfg = Debug|Any CPU
		{2C70AC3A-2D0B-476B-895E-FD3340D9ED58}.Debug|Any CPU.Build.0 = Debug|Any CPU
		{2C70AC3A-2D0B-476B-895E-FD3340D9ED58}.Release|Any CPU.ActiveCfg = Release|Any CPU
		{2C70AC3A-2D0B-476B-895E-FD3340D9ED58}.Release|Any CPU.Build.0 = Release|Any CPU
	EndGlobalSection
	GlobalSection(SolutionProperties) = preSolution
		HideSolutionNode = FALSE
	EndGlobalSection
	GlobalSection(ExtensibilityGlobals) = postSolution
		SolutionGuid = {C8D573FE-A591-41EB-8258-6E566AA8D763}
	EndGlobalSection
EndGlobal
